PODS:
  - Alamofire (5.5.0)
  - BSImagePicker (3.3.1)
  - IQKeyboardManagerSwift (6.5.9)
  - MaterialComponents/Availability (124.2.0)
  - MaterialComponents/BottomSheet (124.2.0):
    - MaterialComponents/Elevation
    - MaterialComponents/private/KeyboardWatcher
    - MaterialComponents/private/Math
    - MaterialComponents/ShadowElevations
    - MaterialComponents/ShadowLayer
    - MaterialComponents/ShapeLibrary
    - MaterialComponents/Shapes
  - MaterialComponents/Elevation (124.2.0):
    - MaterialComponents/Availability
    - MaterialComponents/private/Color
    - MaterialComponents/private/Math
  - MaterialComponents/private/Application (124.2.0)
  - MaterialComponents/private/Color (124.2.0):
    - MaterialComponents/Availability
  - MaterialComponents/private/KeyboardWatcher (124.2.0):
    - MaterialComponents/private/Application
  - MaterialComponents/private/Math (124.2.0)
  - MaterialComponents/ShadowElevations (124.2.0)
  - MaterialComponents/ShadowLayer (124.2.0):
    - MaterialComponents/ShadowElevations
  - MaterialComponents/ShapeLibrary (124.2.0):
    - MaterialComponents/private/Math
    - MaterialComponents/Shapes
  - MaterialComponents/Shapes (124.2.0):
    - MaterialComponents/private/Color
    - MaterialComponents/private/Math
    - MaterialComponents/ShadowLayer
  - NMapsMap (3.14.2)
  - QRCodeReader.swift (10.1.0)
  - SideMenu (6.5.0)
  - SwiftyJSON (4.3.0)

DEPENDENCIES:
  - Alamofire (~> 5.5)
  - BSImagePicker (~> 3.1)
  - IQKeyboardManagerSwift
  - MaterialComponents/BottomSheet
  - NMapsMap (~> 3.14.0)
  - QRCodeReader.swift (~> 10.1.0)
  - SideMenu (~> 6.0)
  - SwiftyJSON (~> 4.0)

SPEC REPOS:
  trunk:
    - Alamofire
    - BSImagePicker
    - IQKeyboardManagerSwift
    - MaterialComponents
    - NMapsMap
    - QRCodeReader.swift
    - SideMenu
    - SwiftyJSON

SPEC CHECKSUMS:
  Alamofire: 1c4fb5369c3fe93d2857c780d8bbe09f06f97e7c
  BSImagePicker: 0fe04b574d4d6b81093785d2af6c26227efc8428
  IQKeyboardManagerSwift: 6e839c575c4aa1078d58a596e41244e77abe918f
  MaterialComponents: 1a9b2d9d45b1601ae544de85089adc4c464306d4
  NMapsMap: efb3a5cf593ff0d89f2a55bb3d4f8c30fe10bd7f
  QRCodeReader.swift: 373a389fe9a22d513c879a32a6f647c58f4ef572
  SideMenu: f583187d21c5b1dd04c72002be544b555a2627a2
  SwiftyJSON: 6faa0040f8b59dead0ee07436cbf76b73c08fd08

PODFILE CHECKSUM: f58537f7b6c97ff458b85e9fef155767f5c498d7

COCOAPODS: 1.11.2
