PODS:
  - Alamofire (5.5.0)
  - BSImagePicker (3.3.1)
  - NMapsMap (3.14.2)
  - QRCodeReader.swift (10.1.0)
  - SideMenu (6.5.0)
  - SwiftyJSON (4.3.0)

DEPENDENCIES:
  - Alamofire (~> 5.5)
  - BSImagePicker (~> 3.1)
  - NMapsMap (~> 3.14.0)
  - QRCodeReader.swift (~> 10.1.0)
  - SideMenu (~> 6.0)
  - SwiftyJSON (~> 4.0)

SPEC REPOS:
  trunk:
    - Alamofire
    - BSImagePicker
    - NMapsMap
    - QRCodeReader.swift
    - SideMenu
    - SwiftyJSON

SPEC CHECKSUMS:
  Alamofire: 1c4fb5369c3fe93d2857c780d8bbe09f06f97e7c
  BSImagePicker: 0fe04b574d4d6b81093785d2af6c26227efc8428
  NMapsMap: efb3a5cf593ff0d89f2a55bb3d4f8c30fe10bd7f
  QRCodeReader.swift: 373a389fe9a22d513c879a32a6f647c58f4ef572
  SideMenu: f583187d21c5b1dd04c72002be544b555a2627a2
  SwiftyJSON: 6faa0040f8b59dead0ee07436cbf76b73c08fd08

PODFILE CHECKSUM: 749ca8329678fda8d27659b776a40acd8abe286d

COCOAPODS: 1.11.2
